{
  "requires": true,
  "lockfileVersion": 1,
  "dependencies": {
    "@mdi/font": {
      "version": "4.0.96",
      "resolved": "https://registry.npmjs.org/@mdi/font/-/font-4.0.96.tgz",
      "integrity": "sha512-kIHgEJcwWzd0jK/H/3MWIT20V3Mjy40RnNiYzcwdS5XNzl9MpByBOigsyS1uEVb8uomRXPq1xcXYWWMaU8zFSA=="
    },
    "vue-material-design-icons": {
      "version": "3.3.1",
      "resolved": "https://registry.npmjs.org/vue-material-design-icons/-/vue-material-design-icons-3.3.1.tgz",
      "integrity": "sha512-ugIhVp1A/n+u4+hd4oXPSwpKmd1PemwhquQ/NwUt0/SRFGvA4gCC47e20ZZq/06Jp37mQ88p15tjBE20I+uAkw=="
    }
  }
}
